
Microsoft Visual Studio Solution File, Format Version 12.00
# Visual Studio Version 16
VisualStudioVersion = 16.0.30621.155
MinimumVisualStudioVersion = 10.0.40219.1
Project("{FAE04EC0-301F-11D3-BF4B-00C04F79EFBC}") = "LPR", "LicensePlateRecognition\LPR.csproj", "{C5D7D9F6-0AA0-45F4-BCB7-9313442A381C}"
EndProject
Global
	GlobalSection(SolutionConfigurationPlatforms) = preSolution
		Debug|Any CPU = Debug|Any CPU
		Release|Any CPU = Release|Any CPU
	EndGlobalSection
	GlobalSection(ProjectConfigurationPlatforms) = postSolution
		{C5D7D9F6-0AA0-45F4-BCB7-9313442A381C}.Debug|Any CPU.ActiveCfg = Debug|Any CPU
		{C5D7D9F6-0AA0-45F4-BCB7-9313442A381C}.Debug|Any CPU.Build.0 = Debug|Any CPU
		{C5D7D9F6-0AA0-45F4-BCB7-9313442A381C}.Release|Any CPU.ActiveCfg = Release|Any CPU
		{C5D7D9F6-0AA0-45F4-BCB7-9313442A381C}.Release|Any CPU.Build.0 = Release|Any CPU
	EndGlobalSection
	GlobalSection(SolutionProperties) = preSolution
		HideSolutionNode = FALSE
	EndGlobalSection
	GlobalSection(ExtensibilityGlobals) = postSolution
		SolutionGuid = {2BE4E9A5-27E4-4913-A64C-B76B2FA72A3F}
	EndGlobalSection
EndGlobal
